
Microsoft Visual Studio Solution File, Format Version 12.00
# Visual Studio 2012
Project("{8BC9CEB8-8B4A-11D0-8D11-00A0C91BC942}") = "C++ - Object Loader", "C++ - Object Loader\C++ - Object Loader.vcxproj", "{F9E8DEEA-01F6-4136-A103-E99AB27DD4C7}"
EndProject
Global
	GlobalSection(SolutionConfigurationPlatforms) = preSolution
		Debug|Win32 = Debug|Win32
		Release|Win32 = Release|Win32
	EndGlobalSection
	GlobalSection(ProjectConfigurationPlatforms) = postSolution
		{F9E8DEEA-01F6-4136-A103-E99AB27DD4C7}.Debug|Win32.ActiveCfg = Debug|Win32
		{F9E8DEEA-01F6-4136-A103-E99AB27DD4C7}.Debug|Win32.Build.0 = Debug|Win32
		{F9E8DEEA-01F6-4136-A103-E99AB27DD4C7}.Release|Win32.ActiveCfg = Release|Win32
		{F9E8DEEA-01F6-4136-A103-E99AB27DD4C7}.Release|Win32.Build.0 = Release|Win32
	EndGlobalSection
	GlobalSection(SolutionProperties) = preSolution
		HideSolutionNode = FALSE
	EndGlobalSection
EndGlobal
